
Microsoft Visual Studio Solution File, Format Version 12.00
# Visual Studio Express 2012 for Windows Desktop
Project("{8BC9CEB8-8B4A-11D0-8D11-00A0C91BC942}") = "gui", "gui\gui.vcxproj", "{A4CA16F0-3FF9-441C-8428-8521EF73BA7F}"
EndProject
Project("{8BC9CEB8-8B4A-11D0-8D11-00A0C91BC942}") = "test", "test\test.vcxproj", "{085E8B68-4E8D-4DD7-BFD7-83BB9623CCF6}"
EndProject
Global
	GlobalSection(SolutionConfigurationPlatforms) = preSolution
		Debug|Win32 = Debug|Win32
		Release|Win32 = Release|Win32
	EndGlobalSection
	GlobalSection(ProjectConfigurationPlatforms) = postSolution
		{A4CA16F0-3FF9-441C-8428-8521EF73BA7F}.Debug|Win32.ActiveCfg = Debug|Win32
		{A4CA16F0-3FF9-441C-8428-8521EF73BA7F}.Debug|Win32.Build.0 = Debug|Win32
		{A4CA16F0-3FF9-441C-8428-8521EF73BA7F}.Release|Win32.ActiveCfg = Release|Win32
		{A4CA16F0-3FF9-441C-8428-8521EF73BA7F}.Release|Win32.Build.0 = Release|Win32
		{085E8B68-4E8D-4DD7-BFD7-83BB9623CCF6}.Debug|Win32.ActiveCfg = Debug|Win32
		{085E8B68-4E8D-4DD7-BFD7-83BB9623CCF6}.Debug|Win32.Build.0 = Debug|Win32
		{085E8B68-4E8D-4DD7-BFD7-83BB9623CCF6}.Release|Win32.ActiveCfg = Release|Win32
		{085E8B68-4E8D-4DD7-BFD7-83BB9623CCF6}.Release|Win32.Build.0 = Release|Win32
	EndGlobalSection
	GlobalSection(SolutionProperties) = preSolution
		HideSolutionNode = FALSE
	EndGlobalSection
EndGlobal
